// !$*UTF8*$!
{
	archiveVersion = 1;
	classes = {
	};
	objectVersion = 56;
	objects = {

/* Begin PBXBuildFile section */
		6510909D286D86B0001C254C /* SwiftUIShowApp.swift in Sources */ = {isa = PBXBuildFile; fileRef = 6510909C286D86B0001C254C /* SwiftUIShowApp.swift */; };
		6510909F286D86B0001C254C /* ContentView.swift in Sources */ = {isa = PBXBuildFile; fileRef = 6510909E286D86B0001C254C /* ContentView.swift */; };
		651090A1286D86B1001C254C /* Assets.xcassets in Resources */ = {isa = PBXBuildFile; fileRef = 651090A0286D86B1001C254C /* Assets.xcassets */; };
		651090A4286D86B1001C254C /* Preview Assets.xcassets in Resources */ = {isa = PBXBuildFile; fileRef = 651090A3286D86B1001C254C /* Preview Assets.xcassets */; };
		651090AE286D86B1001C254C /* SwiftUIShowTests.swift in Sources */ = {isa = PBXBuildFile; fileRef = 651090AD286D86B1001C254C /* SwiftUIShowTests.swift */; };
		651090B8286D86B1001C254C /* SwiftUIShowUITests.swift in Sources */ = {isa = PBXBuildFile; fileRef = 651090B7286D86B1001C254C /* SwiftUIShowUITests.swift */; };
		651090BA286D86B1001C254C /* SwiftUIShowUITestsLaunchTests.swift in Sources */ = {isa = PBXBuildFile; fileRef = 651090B9286D86B1001C254C /* SwiftUIShowUITestsLaunchTests.swift */; };
		651090C7286D88FD001C254C /* ExampleNode.swift in Sources */ = {isa = PBXBuildFile; fileRef = 651090C6286D88FD001C254C /* ExampleNode.swift */; };
/* End PBXBuildFile section */

/* Begin PBXContainerItemProxy section */
		651090AA286D86B1001C254C /* PBXContainerItemProxy */ = {
			isa = PBXContainerItemProxy;
			containerPortal = 65109091286D86B0001C254C /* Project object */;
			proxyType = 1;
			remoteGlobalIDString = 65109098286D86B0001C254C;
			remoteInfo = SwiftUIShow;
		};
		651090B4286D86B1001C254C /* PBXContainerItemProxy */ = {
			isa = PBXContainerItemProxy;
			containerPortal = 65109091286D86B0001C254C /* Project object */;
			proxyType = 1;
			remoteGlobalIDString = 65109098286D86B0001C254C;
			remoteInfo = SwiftUIShow;
		};
/* End PBXContainerItemProxy section */

/* Begin PBXFileReference section */
		65109099286D86B0001C254C /* SwiftUIShow.app */ = {isa = PBXFileReference; explicitFileType = wrapper.application; includeInIndex = 0; path = SwiftUIShow.app; sourceTree = BUILT_PRODUCTS_DIR; };
		6510909C286D86B0001C254C /* SwiftUIShowApp.swift */ = {isa = PBXFileReference; lastKnownFileType = sourcecode.swift; path = SwiftUIShowApp.swift; sourceTree = "<group>"; };
		6510909E286D86B0001C254C /* ContentView.swift */ = {isa = PBXFileReference; lastKnownFileType = sourcecode.swift; path = ContentView.swift; sourceTree = "<group>"; };
		651090A0286D86B1001C254C /* Assets.xcassets */ = {isa = PBXFileReference; lastKnownFileType = folder.assetcatalog; path = Assets.xcassets; sourceTree = "<group>"; };
		651090A3286D86B1001C254C /* Preview Assets.xcassets */ = {isa = PBXFileReference; lastKnownFileType = folder.assetcatalog; path = "Preview Assets.xcassets"; sourceTree = "<group>"; };
		651090A9286D86B1001C254C /* SwiftUIShowTests.xctest */ = {isa = PBXFileReference; explicitFileType = wrapper.cfbundle; includeInIndex = 0; path = SwiftUIShowTests.xctest; sourceTree = BUILT_PRODUCTS_DIR; };
		651090AD286D86B1001C254C /* SwiftUIShowTests.swift */ = {isa = PBXFileReference; lastKnownFileType = sourcecode.swift; path = SwiftUIShowTests.swift; sourceTree = "<group>"; };
		651090B3286D86B1001C254C /* SwiftUIShowUITests.xctest */ = {isa = PBXFileReference; explicitFileType = wrapper.cfbundle; includeInIndex = 0; path = SwiftUIShowUITests.xctest; sourceTree = BUILT_PRODUCTS_DIR; };
		651090B7286D86B1001C254C /* SwiftUIShowUITests.swift */ = {isa = PBXFileReference; lastKnownFileType = sourcecode.swift; path = SwiftUIShowUITests.swift; sourceTree = "<group>"; };
		651090B9286D86B1001C254C /* SwiftUIShowUITestsLaunchTests.swift */ = {isa = PBXFileReference; lastKnownFileType = sourcecode.swift; path = SwiftUIShowUITestsLaunchTests.swift; sourceTree = "<group>"; };
		651090C6286D88FD001C254C /* ExampleNode.swift */ = {isa = PBXFileReference; lastKnownFileType = sourcecode.swift; path = ExampleNode.swift; sourceTree = "<group>"; };
/* End PBXFileReference section */

/* Begin PBXFrameworksBuildPhase section */
		65109096286D86B0001C254C /* Frameworks */ = {
			isa = PBXFrameworksBuildPhase;
			buildActionMask = 2147483647;
			files = (
			);
			runOnlyForDeploymentPostprocessing = 0;
		};
		651090A6286D86B1001C254C /* Frameworks */ = {
			isa = PBXFrameworksBuildPhase;
			buildActionMask = 2147483647;
			files = (
			);
			runOnlyForDeploymentPostprocessing = 0;
		};
		651090B0286D86B1001C254C /* Frameworks */ = {
			isa = PBXFrameworksBuildPhase;
			buildActionMask = 2147483647;
			files = (
			);
			runOnlyForDeploymentPostprocessing = 0;
		};
/* End PBXFrameworksBuildPhase section */

/* Begin PBXGroup section */
		65109090286D86B0001C254C = {
			isa = PBXGroup;
			children = (
				6510909B286D86B0001C254C /* SwiftUIShow */,
				651090AC286D86B1001C254C /* SwiftUIShowTests */,
				651090B6286D86B1001C254C /* SwiftUIShowUITests */,
				6510909A286D86B0001C254C /* Products */,
			);
			sourceTree = "<group>";
		};
		6510909A286D86B0001C254C /* Products */ = {
			isa = PBXGroup;
			children = (
				65109099286D86B0001C254C /* SwiftUIShow.app */,
				651090A9286D86B1001C254C /* SwiftUIShowTests.xctest */,
				651090B3286D86B1001C254C /* SwiftUIShowUITests.xctest */,
			);
			name = Products;
			sourceTree = "<group>";
		};
		6510909B286D86B0001C254C /* SwiftUIShow */ = {
			isa = PBXGroup;
			children = (
				6510909C286D86B0001C254C /* SwiftUIShowApp.swift */,
				6510909E286D86B0001C254C /* ContentView.swift */,
				651090A0286D86B1001C254C /* Assets.xcassets */,
				651090A2286D86B1001C254C /* Preview Content */,
				651090C6286D88FD001C254C /* ExampleNode.swift */,
			);
			path = SwiftUIShow;
			sourceTree = "<group>";
		};
		651090A2286D86B1001C254C /* Preview Content */ = {
			isa = PBXGroup;
			children = (
				651090A3286D86B1001C254C /* Preview Assets.xcassets */,
			);
			path = "Preview Content";
			sourceTree = "<group>";
		};
		651090AC286D86B1001C254C /* SwiftUIShowTests */ = {
			isa = PBXGroup;
			children = (
				651090AD286D86B1001C254C /* SwiftUIShowTests.swift */,
			);
			path = SwiftUIShowTests;
			sourceTree = "<group>";
		};
		651090B6286D86B1001C254C /* SwiftUIShowUITests */ = {
			isa = PBXGroup;
			children = (
				651090B7286D86B1001C254C /* SwiftUIShowUITests.swift */,
				651090B9286D86B1001C254C /* SwiftUIShowUITestsLaunchTests.swift */,
			);
			path = SwiftUIShowUITests;
			sourceTree = "<group>";
		};
/* End PBXGroup section */

/* Begin PBXNativeTarget section */
		65109098286D86B0001C254C /* SwiftUIShow */ = {
			isa = PBXNativeTarget;
			buildConfigurationList = 651090BD286D86B1001C254C /* Build configuration list for PBXNativeTarget "SwiftUIShow" */;
			buildPhases = (
				65109095286D86B0001C254C /* Sources */,
				65109096286D86B0001C254C /* Frameworks */,
				65109097286D86B0001C254C /* Resources */,
			);
			buildRules = (
			);
			dependencies = (
			);
			name = SwiftUIShow;
			productName = SwiftUIShow;
			productReference = 65109099286D86B0001C254C /* SwiftUIShow.app */;
			productType = "com.apple.product-type.application";
		};
		651090A8286D86B1001C254C /* SwiftUIShowTests */ = {
			isa = PBXNativeTarget;
			buildConfigurationList = 651090C0286D86B1001C254C /* Build configuration list for PBXNativeTarget "SwiftUIShowTests" */;
			buildPhases = (
				651090A5286D86B1001C254C /* Sources */,
				651090A6286D86B1001C254C /* Frameworks */,
				651090A7286D86B1001C254C /* Resources */,
			);
			buildRules = (
			);
			dependencies = (
				651090AB286D86B1001C254C /* PBXTargetDependency */,
			);
			name = SwiftUIShowTests;
			productName = SwiftUIShowTests;
			productReference = 651090A9286D86B1001C254C /* SwiftUIShowTests.xctest */;
			productType = "com.apple.product-type.bundle.unit-test";
		};
		651090B2286D86B1001C254C /* SwiftUIShowUITests */ = {
			isa = PBXNativeTarget;
			buildConfigurationList = 651090C3286D86B1001C254C /* Build configuration list for PBXNativeTarget "SwiftUIShowUITests" */;
			buildPhases = (
				651090AF286D86B1001C254C /* Sources */,
				651090B0286D86B1001C254C /* Frameworks */,
				651090B1286D86B1001C254C /* Resources */,
			);
			buildRules = (
			);
			dependencies = (
				651090B5286D86B1001C254C /* PBXTargetDependency */,
			);
			name = SwiftUIShowUITests;
			productName = SwiftUIShowUITests;
			productReference = 651090B3286D86B1001C254C /* SwiftUIShowUITests.xctest */;
			productType = "com.apple.product-type.bundle.ui-testing";
		};
/* End PBXNativeTarget section */

/* Begin PBXProject section */
		65109091286D86B0001C254C /* Project object */ = {
			isa = PBXProject;
			attributes = {
				BuildIndependentTargetsInParallel = 1;
				LastSwiftUpdateCheck = 1400;
				LastUpgradeCheck = 1400;
				TargetAttributes = {
					65109098286D86B0001C254C = {
						CreatedOnToolsVersion = 14.0;
					};
					651090A8286D86B1001C254C = {
						CreatedOnToolsVersion = 14.0;
						TestTargetID = 65109098286D86B0001C254C;
					};
					651090B2286D86B1001C254C = {
						CreatedOnToolsVersion = 14.0;
						TestTargetID = 65109098286D86B0001C254C;
					};
				};
			};
			buildConfigurationList = 65109094286D86B0001C254C /* Build configuration list for PBXProject "SwiftUIShow" */;
			compatibilityVersion = "Xcode 14.0";
			developmentRegion = en;
			hasScannedForEncodings = 0;
			knownRegions = (
				en,
				Base,
			);
			mainGroup = 65109090286D86B0001C254C;
			productRefGroup = 6510909A286D86B0001C254C /* Products */;
			projectDirPath = "";
			projectRoot = "";
			targets = (
				65109098286D86B0001C254C /* SwiftUIShow */,
				651090A8286D86B1001C254C /* SwiftUIShowTests */,
				651090B2286D86B1001C254C /* SwiftUIShowUITests */,
			);
		};
/* End PBXProject section */

/* Begin PBXResourcesBuildPhase section */
		65109097286D86B0001C254C /* Resources */ = {
			isa = PBXResourcesBuildPhase;
			buildActionMask = 2147483647;
			files = (
				651090A4286D86B1001C254C /* Preview Assets.xcassets in Resources */,
				651090A1286D86B1001C254C /* Assets.xcassets in Resources */,
			);
			runOnlyForDeploymentPostprocessing = 0;
		};
		651090A7286D86B1001C254C /* Resources */ = {
			isa = PBXResourcesBuildPhase;
			buildActionMask = 2147483647;
			files = (
			);
			runOnlyForDeploymentPostprocessing = 0;
		};
		651090B1286D86B1001C254C /* Resources */ = {
			isa = PBXResourcesBuildPhase;
			buildActionMask = 2147483647;
			files = (
			);
			runOnlyForDeploymentPostprocessing = 0;
		};
/* End PBXResourcesBuildPhase section */

/* Begin PBXSourcesBuildPhase section */
		65109095286D86B0001C254C /* Sources */ = {
			isa = PBXSourcesBuildPhase;
			buildActionMask = 2147483647;
			files = (
				651090C7286D88FD001C254C /* ExampleNode.swift in Sources */,
				6510909F286D86B0001C254C /* ContentView.swift in Sources */,
				6510909D286D86B0001C254C /* SwiftUIShowApp.swift in Sources */,
			);
			runOnlyForDeploymentPostprocessing = 0;
		};
		651090A5286D86B1001C254C /* Sources */ = {
			isa = PBXSourcesBuildPhase;
			buildActionMask = 2147483647;
			files = (
				651090AE286D86B1001C254C /* SwiftUIShowTests.swift in Sources */,
			);
			runOnlyForDeploymentPostprocessing = 0;
		};
		651090AF286D86B1001C254C /* Sources */ = {
			isa = PBXSourcesBuildPhase;
			buildActionMask = 2147483647;
			files = (
				651090B8286D86B1001C254C /* SwiftUIShowUITests.swift in Sources */,
				651090BA286D86B1001C254C /* SwiftUIShowUITestsLaunchTests.swift in Sources */,
			);
			runOnlyForDeploymentPostprocessing = 0;
		};
/* End PBXSourcesBuildPhase section */

/* Begin PBXTargetDependency section */
		651090AB286D86B1001C254C /* PBXTargetDependency */ = {
			isa = PBXTargetDependency;
			target = 65109098286D86B0001C254C /* SwiftUIShow */;
			targetProxy = 651090AA286D86B1001C254C /* PBXContainerItemProxy */;
		};
		651090B5286D86B1001C254C /* PBXTargetDependency */ = {
			isa = PBXTargetDependency;
			target = 65109098286D86B0001C254C /* SwiftUIShow */;
			targetProxy = 651090B4286D86B1001C254C /* PBXContainerItemProxy */;
		};
/* End PBXTargetDependency section */

/* Begin XCBuildConfiguration section */
		651090BB286D86B1001C254C /* Debug */ = {
			isa = XCBuildConfiguration;
			buildSettings = {
				ALWAYS_SEARCH_USER_PATHS = NO;
				CLANG_ANALYZER_NONNULL = YES;
				CLANG_ANALYZER_NUMBER_OBJECT_CONVERSION = YES_AGGRESSIVE;
				CLANG_CXX_LANGUAGE_STANDARD = "gnu++17";
				CLANG_ENABLE_MODULES = YES;
				CLANG_ENABLE_OBJC_ARC = YES;
				CLANG_ENABLE_OBJC_WEAK = YES;
				CLANG_WARN_BLOCK_CAPTURE_AUTORELEASING = YES;
				CLANG_WARN_BOOL_CONVERSION = YES;
				CLANG_WARN_COMMA = YES;
				CLANG_WARN_CONSTANT_CONVERSION = YES;
				CLANG_WARN_DEPRECATED_OBJC_IMPLEMENTATIONS = YES;
				CLANG_WARN_DIRECT_OBJC_ISA_USAGE = YES_ERROR;
				CLANG_WARN_DOCUMENTATION_COMMENTS = YES;
				CLANG_WARN_EMPTY_BODY = YES;
				CLANG_WARN_ENUM_CONVERSION = YES;
				CLANG_WARN_INFINITE_RECURSION = YES;
				CLANG_WARN_INT_CONVERSION = YES;
				CLANG_WARN_NON_LITERAL_NULL_CONVERSION = YES;
				CLANG_WARN_OBJC_IMPLICIT_RETAIN_SELF = YES;
				CLANG_WARN_OBJC_LITERAL_CONVERSION = YES;
				CLANG_WARN_OBJC_ROOT_CLASS = YES_ERROR;
				CLANG_WARN_QUOTED_INCLUDE_IN_FRAMEWORK_HEADER = YES;
				CLANG_WARN_RANGE_LOOP_ANALYSIS = YES;
				CLANG_WARN_STRICT_PROTOTYPES = YES;
				CLANG_WARN_SUSPICIOUS_MOVE = YES;
				CLANG_WARN_UNGUARDED_AVAILABILITY = YES_AGGRESSIVE;
				CLANG_WARN_UNREACHABLE_CODE = YES;
				CLANG_WARN__DUPLICATE_METHOD_MATCH = YES;
				COPY_PHASE_STRIP = NO;
				DEBUG_INFORMATION_FORMAT = dwarf;
				ENABLE_STRICT_OBJC_MSGSEND = YES;
				ENABLE_TESTABILITY = YES;
				GCC_C_LANGUAGE_STANDARD = gnu11;
				GCC_DYNAMIC_NO_PIC = NO;
				GCC_NO_COMMON_BLOCKS = YES;
				GCC_OPTIMIZATION_LEVEL = 0;
				GCC_PREPROCESSOR_DEFINITIONS = (
					"DEBUG=1",
					"$(inherited)",
				);
				GCC_WARN_64_TO_32_BIT_CONVERSION = YES;
				GCC_WARN_ABOUT_RETURN_TYPE = YES_ERROR;
				GCC_WARN_UNDECLARED_SELECTOR = YES;
				GCC_WARN_UNINITIALIZED_AUTOS = YES_AGGRESSIVE;
				GCC_WARN_UNUSED_FUNCTION = YES;
				GCC_WARN_UNUSED_VARIABLE = YES;
				IPHONEOS_DEPLOYMENT_TARGET = 16.0;
				MTL_ENABLE_DEBUG_INFO = INCLUDE_SOURCE;
				MTL_FAST_MATH = YES;
				ONLY_ACTIVE_ARCH = YES;
				SDKROOT = iphoneos;
				SWIFT_ACTIVE_COMPILATION_CONDITIONS = DEBUG;
				SWIFT_OPTIMIZATION_LEVEL = "-Onone";
			};
			name = Debug;
		};
		651090BC286D86B1001C254C /* Release */ = {
			isa = XCBuildConfiguration;
			buildSettings = {
				ALWAYS_SEARCH_USER_PATHS = NO;
				CLANG_ANALYZER_NONNULL = YES;
				CLANG_ANALYZER_NUMBER_OBJECT_CONVERSION = YES_AGGRESSIVE;
				CLANG_CXX_LANGUAGE_STANDARD = "gnu++17";
				CLANG_ENABLE_MODULES = YES;
				CLANG_ENABLE_OBJC_ARC = YES;
				CLANG_ENABLE_OBJC_WEAK = YES;
				CLANG_WARN_BLOCK_CAPTURE_AUTORELEASING = YES;
				CLANG_WARN_BOOL_CONVERSION = YES;
				CLANG_WARN_COMMA = YES;
				CLANG_WARN_CONSTANT_CONVERSION = YES;
				CLANG_WARN_DEPRECATED_OBJC_IMPLEMENTATIONS = YES;
				CLANG_WARN_DIRECT_OBJC_ISA_USAGE = YES_ERROR;
				CLANG_WARN_DOCUMENTATION_COMMENTS = YES;
				CLANG_WARN_EMPTY_BODY = YES;
				CLANG_WARN_ENUM_CONVERSION = YES;
				CLANG_WARN_INFINITE_RECURSION = YES;
				CLANG_WARN_INT_CONVERSION = YES;
				CLANG_WARN_NON_LITERAL_NULL_CONVERSION = YES;
				CLANG_WARN_OBJC_IMPLICIT_RETAIN_SELF = YES;
				CLANG_WARN_OBJC_LITERAL_CONVERSION = YES;
				CLANG_WARN_OBJC_ROOT_CLASS = YES_ERROR;
				CLANG_WARN_QUOTED_INCLUDE_IN_FRAMEWORK_HEADER = YES;
				CLANG_WARN_RANGE_LOOP_ANALYSIS = YES;
				CLANG_WARN_STRICT_PROTOTYPES = YES;
				CLANG_WARN_SUSPICIOUS_MOVE = YES;
				CLANG_WARN_UNGUARDED_AVAILABILITY = YES_AGGRESSIVE;
				CLANG_WARN_UNREACHABLE_CODE = YES;
				CLANG_WARN__DUPLICATE_METHOD_MATCH = YES;
				COPY_PHASE_STRIP = NO;
				DEBUG_INFORMATION_FORMAT = "dwarf-with-dsym";
				ENABLE_NS_ASSERTIONS = NO;
				ENABLE_STRICT_OBJC_MSGSEND = YES;
				GCC_C_LANGUAGE_STANDARD = gnu11;
				GCC_NO_COMMON_BLOCKS = YES;
				GCC_WARN_64_TO_32_BIT_CONVERSION = YES;
				GCC_WARN_ABOUT_RETURN_TYPE = YES_ERROR;
				GCC_WARN_UNDECLARED_SELECTOR = YES;
				GCC_WARN_UNINITIALIZED_AUTOS = YES_AGGRESSIVE;
				GCC_WARN_UNUSED_FUNCTION = YES;
				GCC_WARN_UNUSED_VARIABLE = YES;
				IPHONEOS_DEPLOYMENT_TARGET = 16.0;
				MTL_ENABLE_DEBUG_INFO = NO;
				MTL_FAST_MATH = YES;
				SDKROOT = iphoneos;
				SWIFT_COMPILATION_MODE = wholemodule;
				SWIFT_OPTIMIZATION_LEVEL = "-O";
				VALIDATE_PRODUCT = YES;
			};
			name = Release;
		};
		651090BE286D86B1001C254C /* Debug */ = {
			isa = XCBuildConfiguration;
			buildSettings = {
				ASSETCATALOG_COMPILER_APPICON_NAME = AppIcon;
				ASSETCATALOG_COMPILER_GLOBAL_ACCENT_COLOR_NAME = AccentColor;
				CODE_SIGN_STYLE = Automatic;
				CURRENT_PROJECT_VERSION = 1;
				DEVELOPMENT_ASSET_PATHS = "\"SwiftUIShow/Preview Content\"";
				DEVELOPMENT_TEAM = DQMV9NHZ7M;
				ENABLE_PREVIEWS = YES;
				GENERATE_INFOPLIST_FILE = YES;
				INFOPLIST_KEY_UIApplicationSceneManifest_Generation = YES;
				INFOPLIST_KEY_UIApplicationSupportsIndirectInputEvents = YES;
				INFOPLIST_KEY_UILaunchScreen_Generation = YES;
				INFOPLIST_KEY_UISupportedInterfaceOrientations_iPad = "UIInterfaceOrientationPortrait UIInterfaceOrientationPortraitUpsideDown UIInterfaceOrientationLandscapeLeft UIInterfaceOrientationLandscapeRight";
				INFOPLIST_KEY_UISupportedInterfaceOrientations_iPhone = "UIInterfaceOrientationPortrait UIInterfaceOrientationLandscapeLeft UIInterfaceOrientationLandscapeRight";
				LD_RUNPATH_SEARCH_PATHS = (
					"$(inherited)",
					"@executable_path/Frameworks",
				);
				MARKETING_VERSION = 1.0;
				PRODUCT_BUNDLE_IDENTIFIER = mumu.SwiftUIShow;
				PRODUCT_NAME = "$(TARGET_NAME)";
				SWIFT_EMIT_LOC_STRINGS = YES;
				SWIFT_VERSION = 5.0;
				TARGETED_DEVICE_FAMILY = "1,2";
			};
			name = Debug;
		};
		651090BF286D86B1001C254C /* Release */ = {
			isa = XCBuildConfiguration;
			buildSettings = {
				ASSETCATALOG_COMPILER_APPICON_NAME = AppIcon;
				ASSETCATALOG_COMPILER_GLOBAL_ACCENT_COLOR_NAME = AccentColor;
				CODE_SIGN_STYLE = Automatic;
				CURRENT_PROJECT_VERSION = 1;
				DEVELOPMENT_ASSET_PATHS = "\"SwiftUIShow/Preview Content\"";
				DEVELOPMENT_TEAM = DQMV9NHZ7M;
				ENABLE_PREVIEWS = YES;
				GENERATE_INFOPLIST_FILE = YES;
				INFOPLIST_KEY_UIApplicationSceneManifest_Generation = YES;
				INFOPLIST_KEY_UIApplicationSupportsIndirectInputEvents = YES;
				INFOPLIST_KEY_UILaunchScreen_Generation = YES;
				INFOPLIST_KEY_UISupportedInterfaceOrientations_iPad = "UIInterfaceOrientationPortrait UIInterfaceOrientationPortraitUpsideDown UIInterfaceOrientationLandscapeLeft UIInterfaceOrientationLandscapeRight";
				INFOPLIST_KEY_UISupportedInterfaceOrientations_iPhone = "UIInterfaceOrientationPortrait UIInterfaceOrientationLandscapeLeft UIInterfaceOrientationLandscapeRight";
				LD_RUNPATH_SEARCH_PATHS = (
					"$(inherited)",
					"@executable_path/Frameworks",
				);
				MARKETING_VERSION = 1.0;
				PRODUCT_BUNDLE_IDENTIFIER = mumu.SwiftUIShow;
				PRODUCT_NAME = "$(TARGET_NAME)";
				SWIFT_EMIT_LOC_STRINGS = YES;
				SWIFT_VERSION = 5.0;
				TARGETED_DEVICE_FAMILY = "1,2";
			};
			name = Release;
		};
		651090C1286D86B1001C254C /* Debug */ = {
			isa = XCBuildConfiguration;
			buildSettings = {
				ALWAYS_EMBED_SWIFT_STANDARD_LIBRARIES = YES;
				BUNDLE_LOADER = "$(TEST_HOST)";
				CODE_SIGN_STYLE = Automatic;
				CURRENT_PROJECT_VERSION = 1;
				DEVELOPMENT_TEAM = DQMV9NHZ7M;
				GENERATE_INFOPLIST_FILE = YES;
				IPHONEOS_DEPLOYMENT_TARGET = 16.0;
				MARKETING_VERSION = 1.0;
				PRODUCT_BUNDLE_IDENTIFIER = mumu.SwiftUIShowTests;
				PRODUCT_NAME = "$(TARGET_NAME)";
				SWIFT_EMIT_LOC_STRINGS = NO;
				SWIFT_VERSION = 5.0;
				TARGETED_DEVICE_FAMILY = "1,2";
				TEST_HOST = "$(BUILT_PRODUCTS_DIR)/SwiftUIShow.app/$(BUNDLE_EXECUTABLE_FOLDER_PATH)/SwiftUIShow";
			};
			name = Debug;
		};
		651090C2286D86B1001C254C /* Release */ = {
			isa = XCBuildConfiguration;
			buildSettings = {
				ALWAYS_EMBED_SWIFT_STANDARD_LIBRARIES = YES;
				BUNDLE_LOADER = "$(TEST_HOST)";
				CODE_SIGN_STYLE = Automatic;
				CURRENT_PROJECT_VERSION = 1;
				DEVELOPMENT_TEAM = DQMV9NHZ7M;
				GENERATE_INFOPLIST_FILE = YES;
				IPHONEOS_DEPLOYMENT_TARGET = 16.0;
				MARKETING_VERSION = 1.0;
				PRODUCT_BUNDLE_IDENTIFIER = mumu.SwiftUIShowTests;
				PRODUCT_NAME = "$(TARGET_NAME)";
				SWIFT_EMIT_LOC_STRINGS = NO;
				SWIFT_VERSION = 5.0;
				TARGETED_DEVICE_FAMILY = "1,2";
				TEST_HOST = "$(BUILT_PRODUCTS_DIR)/SwiftUIShow.app/$(BUNDLE_EXECUTABLE_FOLDER_PATH)/SwiftUIShow";
			};
			name = Release;
		};
		651090C4286D86B1001C254C /* Debug */ = {
			isa = XCBuildConfiguration;
			buildSettings = {
				ALWAYS_EMBED_SWIFT_STANDARD_LIBRARIES = YES;
				CODE_SIGN_STYLE = Automatic;
				CURRENT_PROJECT_VERSION = 1;
				DEVELOPMENT_TEAM = DQMV9NHZ7M;
				GENERATE_INFOPLIST_FILE = YES;
				MARKETING_VERSION = 1.0;
				PRODUCT_BUNDLE_IDENTIFIER = mumu.SwiftUIShowUITests;
				PRODUCT_NAME = "$(TARGET_NAME)";
				SWIFT_EMIT_LOC_STRINGS = NO;
				SWIFT_VERSION = 5.0;
				TARGETED_DEVICE_FAMILY = "1,2";
				TEST_TARGET_NAME = SwiftUIShow;
			};
			name = Debug;
		};
		651090C5286D86B1001C254C /* Release */ = {
			isa = XCBuildConfiguration;
			buildSettings = {
				ALWAYS_EMBED_SWIFT_STANDARD_LIBRARIES = YES;
				CODE_SIGN_STYLE = Automatic;
				CURRENT_PROJECT_VERSION = 1;
				DEVELOPMENT_TEAM = DQMV9NHZ7M;
				GENERATE_INFOPLIST_FILE = YES;
				MARKETING_VERSION = 1.0;
				PRODUCT_BUNDLE_IDENTIFIER = mumu.SwiftUIShowUITests;
				PRODUCT_NAME = "$(TARGET_NAME)";
				SWIFT_EMIT_LOC_STRINGS = NO;
				SWIFT_VERSION = 5.0;
				TARGETED_DEVICE_FAMILY = "1,2";
				TEST_TARGET_NAME = SwiftUIShow;
			};
			name = Release;
		};
/* End XCBuildConfiguration section */

/* Begin XCConfigurationList section */
		65109094286D86B0001C254C /* Build configuration list for PBXProject "SwiftUIShow" */ = {
			isa = XCConfigurationList;
			buildConfigurations = (
				651090BB286D86B1001C254C /* Debug */,
				651090BC286D86B1001C254C /* Release */,
			);
			defaultConfigurationIsVisible = 0;
			defaultConfigurationName = Release;
		};
		651090BD286D86B1001C254C /* Build configuration list for PBXNativeTarget "SwiftUIShow" */ = {
			isa = XCConfigurationList;
			buildConfigurations = (
				651090BE286D86B1001C254C /* Debug */,
				651090BF286D86B1001C254C /* Release */,
			);
			defaultConfigurationIsVisible = 0;
			defaultConfigurationName = Release;
		};
		651090C0286D86B1001C254C /* Build configuration list for PBXNativeTarget "SwiftUIShowTests" */ = {
			isa = XCConfigurationList;
			buildConfigurations = (
				651090C1286D86B1001C254C /* Debug */,
				651090C2286D86B1001C254C /* Release */,
			);
			defaultConfigurationIsVisible = 0;
			defaultConfigurationName = Release;
		};
		651090C3286D86B1001C254C /* Build configuration list for PBXNativeTarget "SwiftUIShowUITests" */ = {
			isa = XCConfigurationList;
			buildConfigurations = (
				651090C4286D86B1001C254C /* Debug */,
				651090C5286D86B1001C254C /* Release */,
			);
			defaultConfigurationIsVisible = 0;
			defaultConfigurationName = Release;
		};
/* End XCConfigurationList section */
	};
	rootObject = 65109091286D86B0001C254C /* Project object */;
}
